
Microsoft Visual Studio Solution File, Format Version 12.00
# Visual Studio 15
VisualStudioVersion = 15.0.28307.1231
MinimumVisualStudioVersion = 10.0.40219.1
Project("{FAE04EC0-301F-11D3-BF4B-00C04F79EFBC}") = "void clicker", "void client\void clicker.csproj", "{1C34E27B-37C2-4407-98FA-81E9E3CFD5FC}"
EndProject
Global
	GlobalSection(SolutionConfigurationPlatforms) = preSolution
		Debug|Any CPU = Debug|Any CPU
		Release|Any CPU = Release|Any CPU
	EndGlobalSection
	GlobalSection(ProjectConfigurationPlatforms) = postSolution
		{1C34E27B-37C2-4407-98FA-81E9E3CFD5FC}.Debug|Any CPU.ActiveCfg = Debug|Any CPU
		{1C34E27B-37C2-4407-98FA-81E9E3CFD5FC}.Debug|Any CPU.Build.0 = Debug|Any CPU
		{1C34E27B-37C2-4407-98FA-81E9E3CFD5FC}.Release|Any CPU.ActiveCfg = Release|Any CPU
		{1C34E27B-37C2-4407-98FA-81E9E3CFD5FC}.Release|Any CPU.Build.0 = Release|Any CPU
	EndGlobalSection
	GlobalSection(SolutionProperties) = preSolution
		HideSolutionNode = FALSE
	EndGlobalSection
	GlobalSection(ExtensibilityGlobals) = postSolution
		SolutionGuid = {59B1FF35-0934-4EA0-ACF1-6AC735FA35D6}
	EndGlobalSection
EndGlobal
